
Microsoft Visual Studio Solution File, Format Version 12.00
# Visual Studio Version 16
VisualStudioVersion = 16.0.30114.105
MinimumVisualStudioVersion = 10.0.40219.1
Project("{9A19103F-16F7-4668-BE54-9A1E7A4F7556}") = "BooksMVC", "BooksMVC\BooksMVC.csproj", "{C875F075-3151-4CEC-A196-1C1235C1B8B0}"
EndProject
Project("{9A19103F-16F7-4668-BE54-9A1E7A4F7556}") = "BooksMVC.Jeff", "BooksMVC.Jeff\BooksMVC.Jeff.csproj", "{15EC63EA-AC0E-4F3C-B65B-FB72A2E1375E}"
EndProject
Project("{9A19103F-16F7-4668-BE54-9A1E7A4F7556}") = "StrengthMVC", "StrengthMVC\StrengthMVC.csproj", "{F9D2A0C4-D3E8-4B16-852F-415B6FA50184}"
EndProject
Global
	GlobalSection(SolutionConfigurationPlatforms) = preSolution
		Debug|Any CPU = Debug|Any CPU
		Release|Any CPU = Release|Any CPU
	EndGlobalSection
	GlobalSection(ProjectConfigurationPlatforms) = postSolution
		{C875F075-3151-4CEC-A196-1C1235C1B8B0}.Debug|Any CPU.ActiveCfg = Debug|Any CPU
		{C875F075-3151-4CEC-A196-1C1235C1B8B0}.Debug|Any CPU.Build.0 = Debug|Any CPU
		{C875F075-3151-4CEC-A196-1C1235C1B8B0}.Release|Any CPU.ActiveCfg = Release|Any CPU
		{C875F075-3151-4CEC-A196-1C1235C1B8B0}.Release|Any CPU.Build.0 = Release|Any CPU
		{15EC63EA-AC0E-4F3C-B65B-FB72A2E1375E}.Debug|Any CPU.ActiveCfg = Debug|Any CPU
		{15EC63EA-AC0E-4F3C-B65B-FB72A2E1375E}.Debug|Any CPU.Build.0 = Debug|Any CPU
		{15EC63EA-AC0E-4F3C-B65B-FB72A2E1375E}.Release|Any CPU.ActiveCfg = Release|Any CPU
		{15EC63EA-AC0E-4F3C-B65B-FB72A2E1375E}.Release|Any CPU.Build.0 = Release|Any CPU
		{F9D2A0C4-D3E8-4B16-852F-415B6FA50184}.Debug|Any CPU.ActiveCfg = Debug|Any CPU
		{F9D2A0C4-D3E8-4B16-852F-415B6FA50184}.Debug|Any CPU.Build.0 = Debug|Any CPU
		{F9D2A0C4-D3E8-4B16-852F-415B6FA50184}.Release|Any CPU.ActiveCfg = Release|Any CPU
		{F9D2A0C4-D3E8-4B16-852F-415B6FA50184}.Release|Any CPU.Build.0 = Release|Any CPU
	EndGlobalSection
	GlobalSection(SolutionProperties) = preSolution
		HideSolutionNode = FALSE
	EndGlobalSection
	GlobalSection(ExtensibilityGlobals) = postSolution
		SolutionGuid = {A9A52F88-B7AA-47F3-B5A6-D50E5ABC8C04}
	EndGlobalSection
EndGlobal
